
Microsoft Visual Studio Solution File, Format Version 12.00
# Visual Studio Version 17
VisualStudioVersion = 17.11.35312.102
MinimumVisualStudioVersion = 10.0.40219.1
Project("{FAE04EC0-301F-11D3-BF4B-00C04F79EFBC}") = "SystemTime", "SystemTime\SystemTime.csproj", "{B957BDA5-C10F-4CDD-8F88-4B0F4AA61C0E}"
EndProject
Global
	GlobalSection(SolutionConfigurationPlatforms) = preSolution
		Debug|Any CPU = Debug|Any CPU
		Release|Any CPU = Release|Any CPU
	EndGlobalSection
	GlobalSection(ProjectConfigurationPlatforms) = postSolution
		{B957BDA5-C10F-4CDD-8F88-4B0F4AA61C0E}.Debug|Any CPU.ActiveCfg = Debug|Any CPU
		{B957BDA5-C10F-4CDD-8F88-4B0F4AA61C0E}.Debug|Any CPU.Build.0 = Debug|Any CPU
		{B957BDA5-C10F-4CDD-8F88-4B0F4AA61C0E}.Release|Any CPU.ActiveCfg = Release|Any CPU
		{B957BDA5-C10F-4CDD-8F88-4B0F4AA61C0E}.Release|Any CPU.Build.0 = Release|Any CPU
	EndGlobalSection
	GlobalSection(SolutionProperties) = preSolution
		HideSolutionNode = FALSE
	EndGlobalSection
	GlobalSection(ExtensibilityGlobals) = postSolution
		SolutionGuid = {76EF1E61-842F-4FEC-94FC-5A3B13D79401}
	EndGlobalSection
EndGlobal
